// !$*UTF8*$!
{
	archiveVersion = 1;
	classes = {
	};
	objectVersion = 46;
	objects = {

/* Begin PBXBuildFile section */
		857C1ED01EB2D95E00DD7A5C /* main.m in Sources */ = {isa = PBXBuildFile; fileRef = 857C1ECF1EB2D95E00DD7A5C /* main.m */; };
		857C1ED31EB2D95E00DD7A5C /* AppDelegate.m in Sources */ = {isa = PBXBuildFile; fileRef = 857C1ED21EB2D95E00DD7A5C /* AppDelegate.m */; };
		857C1ED61EB2D95E00DD7A5C /* ViewController.m in Sources */ = {isa = PBXBuildFile; fileRef = 857C1ED51EB2D95E00DD7A5C /* ViewController.m */; };
		857C1ED91EB2D95E00DD7A5C /* Main.storyboard in Resources */ = {isa = PBXBuildFile; fileRef = 857C1ED71EB2D95E00DD7A5C /* Main.storyboard */; };
		857C1EDB1EB2D95E00DD7A5C /* Assets.xcassets in Resources */ = {isa = PBXBuildFile; fileRef = 857C1EDA1EB2D95E00DD7A5C /* Assets.xcassets */; };
		857C1EDE1EB2D95E00DD7A5C /* LaunchScreen.storyboard in Resources */ = {isa = PBXBuildFile; fileRef = 857C1EDC1EB2D95E00DD7A5C /* LaunchScreen.storyboard */; };
		857C1EE61EB2DA7200DD7A5C /* c.png in Resources */ = {isa = PBXBuildFile; fileRef = 857C1EE51EB2DA7200DD7A5C /* c.png */; };
		857C1EE81EB2DA7B00DD7A5C /* b.png in Resources */ = {isa = PBXBuildFile; fileRef = 857C1EE71EB2DA7B00DD7A5C /* b.png */; };
		857C1EEA1EB2DA8200DD7A5C /* a.png in Resources */ = {isa = PBXBuildFile; fileRef = 857C1EE91EB2DA8200DD7A5C /* a.png */; };
/* End PBXBuildFile section */

/* Begin PBXFileReference section */
		857C1ECB1EB2D95E00DD7A5C /* 拖拽图片.app */ = {isa = PBXFileReference; explicitFileType = wrapper.application; includeInIndex = 0; path = "拖拽图片.app"; sourceTree = BUILT_PRODUCTS_DIR; };
		857C1ECF1EB2D95E00DD7A5C /* main.m */ = {isa = PBXFileReference; lastKnownFileType = sourcecode.c.objc; path = main.m; sourceTree = "<group>"; };
		857C1ED11EB2D95E00DD7A5C /* AppDelegate.h */ = {isa = PBXFileReference; lastKnownFileType = sourcecode.c.h; path = AppDelegate.h; sourceTree = "<group>"; };
		857C1ED21EB2D95E00DD7A5C /* AppDelegate.m */ = {isa = PBXFileReference; lastKnownFileType = sourcecode.c.objc; path = AppDelegate.m; sourceTree = "<group>"; };
		857C1ED41EB2D95E00DD7A5C /* ViewController.h */ = {isa = PBXFileReference; lastKnownFileType = sourcecode.c.h; path = ViewController.h; sourceTree = "<group>"; };
		857C1ED51EB2D95E00DD7A5C /* ViewController.m */ = {isa = PBXFileReference; lastKnownFileType = sourcecode.c.objc; path = ViewController.m; sourceTree = "<group>"; };
		857C1ED81EB2D95E00DD7A5C /* Base */ = {isa = PBXFileReference; lastKnownFileType = file.storyboard; name = Base; path = Base.lproj/Main.storyboard; sourceTree = "<group>"; };
		857C1EDA1EB2D95E00DD7A5C /* Assets.xcassets */ = {isa = PBXFileReference; lastKnownFileType = folder.assetcatalog; path = Assets.xcassets; sourceTree = "<group>"; };
		857C1EDD1EB2D95E00DD7A5C /* Base */ = {isa = PBXFileReference; lastKnownFileType = file.storyboard; name = Base; path = Base.lproj/LaunchScreen.storyboard; sourceTree = "<group>"; };
		857C1EDF1EB2D95E00DD7A5C /* Info.plist */ = {isa = PBXFileReference; lastKnownFileType = text.plist.xml; path = Info.plist; sourceTree = "<group>"; };
		857C1EE51EB2DA7200DD7A5C /* c.png */ = {isa = PBXFileReference; lastKnownFileType = image.png; path = c.png; sourceTree = "<group>"; };
		857C1EE71EB2DA7B00DD7A5C /* b.png */ = {isa = PBXFileReference; lastKnownFileType = image.png; path = b.png; sourceTree = "<group>"; };
		857C1EE91EB2DA8200DD7A5C /* a.png */ = {isa = PBXFileReference; lastKnownFileType = image.png; path = a.png; sourceTree = "<group>"; };
/* End PBXFileReference section */

/* Begin PBXFrameworksBuildPhase section */
		857C1EC81EB2D95D00DD7A5C /* Frameworks */ = {
			isa = PBXFrameworksBuildPhase;
			buildActionMask = 2147483647;
			files = (
			);
			runOnlyForDeploymentPostprocessing = 0;
		};
/* End PBXFrameworksBuildPhase section */

/* Begin PBXGroup section */
		857C1EC21EB2D95D00DD7A5C = {
			isa = PBXGroup;
			children = (
				857C1ECD1EB2D95E00DD7A5C /* 拖拽图片 */,
				857C1ECC1EB2D95E00DD7A5C /* Products */,
			);
			sourceTree = "<group>";
		};
		857C1ECC1EB2D95E00DD7A5C /* Products */ = {
			isa = PBXGroup;
			children = (
				857C1ECB1EB2D95E00DD7A5C /* 拖拽图片.app */,
			);
			name = Products;
			sourceTree = "<group>";
		};
		857C1ECD1EB2D95E00DD7A5C /* 拖拽图片 */ = {
			isa = PBXGroup;
			children = (
				857C1EE91EB2DA8200DD7A5C /* a.png */,
				857C1EE71EB2DA7B00DD7A5C /* b.png */,
				857C1EE51EB2DA7200DD7A5C /* c.png */,
				857C1ED11EB2D95E00DD7A5C /* AppDelegate.h */,
				857C1ED21EB2D95E00DD7A5C /* AppDelegate.m */,
				857C1ED41EB2D95E00DD7A5C /* ViewController.h */,
				857C1ED51EB2D95E00DD7A5C /* ViewController.m */,
				857C1ED71EB2D95E00DD7A5C /* Main.storyboard */,
				857C1EDA1EB2D95E00DD7A5C /* Assets.xcassets */,
				857C1EDC1EB2D95E00DD7A5C /* LaunchScreen.storyboard */,
				857C1EDF1EB2D95E00DD7A5C /* Info.plist */,
				857C1ECE1EB2D95E00DD7A5C /* Supporting Files */,
			);
			path = "拖拽图片";
			sourceTree = "<group>";
		};
		857C1ECE1EB2D95E00DD7A5C /* Supporting Files */ = {
			isa = PBXGroup;
			children = (
				857C1ECF1EB2D95E00DD7A5C /* main.m */,
			);
			name = "Supporting Files";
			sourceTree = "<group>";
		};
/* End PBXGroup section */

/* Begin PBXNativeTarget section */
		857C1ECA1EB2D95D00DD7A5C /* 拖拽图片 */ = {
			isa = PBXNativeTarget;
			buildConfigurationList = 857C1EE21EB2D95E00DD7A5C /* Build configuration list for PBXNativeTarget "拖拽图片" */;
			buildPhases = (
				857C1EC71EB2D95D00DD7A5C /* Sources */,
				857C1EC81EB2D95D00DD7A5C /* Frameworks */,
				857C1EC91EB2D95D00DD7A5C /* Resources */,
			);
			buildRules = (
			);
			dependencies = (
			);
			name = "拖拽图片";
			productName = "拖拽图片";
			productReference = 857C1ECB1EB2D95E00DD7A5C /* 拖拽图片.app */;
			productType = "com.apple.product-type.application";
		};
/* End PBXNativeTarget section */

/* Begin PBXProject section */
		857C1EC31EB2D95D00DD7A5C /* Project object */ = {
			isa = PBXProject;
			attributes = {
				LastUpgradeCheck = 0810;
				ORGANIZATIONNAME = tarena;
				TargetAttributes = {
					857C1ECA1EB2D95D00DD7A5C = {
						CreatedOnToolsVersion = 8.1;
						ProvisioningStyle = Automatic;
					};
				};
			};
			buildConfigurationList = 857C1EC61EB2D95D00DD7A5C /* Build configuration list for PBXProject "拖拽图片" */;
			compatibilityVersion = "Xcode 3.2";
			developmentRegion = English;
			hasScannedForEncodings = 0;
			knownRegions = (
				en,
				Base,
			);
			mainGroup = 857C1EC21EB2D95D00DD7A5C;
			productRefGroup = 857C1ECC1EB2D95E00DD7A5C /* Products */;
			projectDirPath = "";
			projectRoot = "";
			targets = (
				857C1ECA1EB2D95D00DD7A5C /* 拖拽图片 */,
			);
		};
/* End PBXProject section */

/* Begin PBXResourcesBuildPhase section */
		857C1EC91EB2D95D00DD7A5C /* Resources */ = {
			isa = PBXResourcesBuildPhase;
			buildActionMask = 2147483647;
			files = (
				857C1EEA1EB2DA8200DD7A5C /* a.png in Resources */,
				857C1EE61EB2DA7200DD7A5C /* c.png in Resources */,
				857C1EDE1EB2D95E00DD7A5C /* LaunchScreen.storyboard in Resources */,
				857C1EE81EB2DA7B00DD7A5C /* b.png in Resources */,
				857C1EDB1EB2D95E00DD7A5C /* Assets.xcassets in Resources */,
				857C1ED91EB2D95E00DD7A5C /* Main.storyboard in Resources */,
			);
			runOnlyForDeploymentPostprocessing = 0;
		};
/* End PBXResourcesBuildPhase section */

/* Begin PBXSourcesBuildPhase section */
		857C1EC71EB2D95D00DD7A5C /* Sources */ = {
			isa = PBXSourcesBuildPhase;
			buildActionMask = 2147483647;
			files = (
				857C1ED61EB2D95E00DD7A5C /* ViewController.m in Sources */,
				857C1ED31EB2D95E00DD7A5C /* AppDelegate.m in Sources */,
				857C1ED01EB2D95E00DD7A5C /* main.m in Sources */,
			);
			runOnlyForDeploymentPostprocessing = 0;
		};
/* End PBXSourcesBuildPhase section */

/* Begin PBXVariantGroup section */
		857C1ED71EB2D95E00DD7A5C /* Main.storyboard */ = {
			isa = PBXVariantGroup;
			children = (
				857C1ED81EB2D95E00DD7A5C /* Base */,
			);
			name = Main.storyboard;
			sourceTree = "<group>";
		};
		857C1EDC1EB2D95E00DD7A5C /* LaunchScreen.storyboard */ = {
			isa = PBXVariantGroup;
			children = (
				857C1EDD1EB2D95E00DD7A5C /* Base */,
			);
			name = LaunchScreen.storyboard;
			sourceTree = "<group>";
		};
/* End PBXVariantGroup section */

/* Begin XCBuildConfiguration section */
		857C1EE01EB2D95E00DD7A5C /* Debug */ = {
			isa = XCBuildConfiguration;
			buildSettings = {
				ALWAYS_SEARCH_USER_PATHS = NO;
				CLANG_ANALYZER_NONNULL = YES;
				CLANG_CXX_LANGUAGE_STANDARD = "gnu++0x";
				CLANG_CXX_LIBRARY = "libc++";
				CLANG_ENABLE_MODULES = YES;
				CLANG_ENABLE_OBJC_ARC = YES;
				CLANG_WARN_BOOL_CONVERSION = YES;
				CLANG_WARN_CONSTANT_CONVERSION = YES;
				CLANG_WARN_DIRECT_OBJC_ISA_USAGE = YES_ERROR;
				CLANG_WARN_DOCUMENTATION_COMMENTS = YES;
				CLANG_WARN_EMPTY_BODY = YES;
				CLANG_WARN_ENUM_CONVERSION = YES;
				CLANG_WARN_INFINITE_RECURSION = YES;
				CLANG_WARN_INT_CONVERSION = YES;
				CLANG_WARN_OBJC_ROOT_CLASS = YES_ERROR;
				CLANG_WARN_SUSPICIOUS_MOVES = YES;
				CLANG_WARN_UNREACHABLE_CODE = YES;
				CLANG_WARN__DUPLICATE_METHOD_MATCH = YES;
				"CODE_SIGN_IDENTITY[sdk=iphoneos*]" = "iPhone Developer";
				COPY_PHASE_STRIP = NO;
				DEBUG_INFORMATION_FORMAT = dwarf;
				ENABLE_STRICT_OBJC_MSGSEND = YES;
				ENABLE_TESTABILITY = YES;
				GCC_C_LANGUAGE_STANDARD = gnu99;
				GCC_DYNAMIC_NO_PIC = NO;
				GCC_NO_COMMON_BLOCKS = YES;
				GCC_OPTIMIZATION_LEVEL = 0;
				GCC_PREPROCESSOR_DEFINITIONS = (
					"DEBUG=1",
					"$(inherited)",
				);
				GCC_WARN_64_TO_32_BIT_CONVERSION = YES;
				GCC_WARN_ABOUT_RETURN_TYPE = YES_ERROR;
				GCC_WARN_UNDECLARED_SELECTOR = YES;
				GCC_WARN_UNINITIALIZED_AUTOS = YES_AGGRESSIVE;
				GCC_WARN_UNUSED_FUNCTION = YES;
				GCC_WARN_UNUSED_VARIABLE = YES;
				IPHONEOS_DEPLOYMENT_TARGET = 10.1;
				MTL_ENABLE_DEBUG_INFO = YES;
				ONLY_ACTIVE_ARCH = YES;
				SDKROOT = iphoneos;
			};
			name = Debug;
		};
		857C1EE11EB2D95E00DD7A5C /* Release */ = {
			isa = XCBuildConfiguration;
			buildSettings = {
				ALWAYS_SEARCH_USER_PATHS = NO;
				CLANG_ANALYZER_NONNULL = YES;
				CLANG_CXX_LANGUAGE_STANDARD = "gnu++0x";
				CLANG_CXX_LIBRARY = "libc++";
				CLANG_ENABLE_MODULES = YES;
				CLANG_ENABLE_OBJC_ARC = YES;
				CLANG_WARN_BOOL_CONVERSION = YES;
				CLANG_WARN_CONSTANT_CONVERSION = YES;
				CLANG_WARN_DIRECT_OBJC_ISA_USAGE = YES_ERROR;
				CLANG_WARN_DOCUMENTATION_COMMENTS = YES;
				CLANG_WARN_EMPTY_BODY = YES;
				CLANG_WARN_ENUM_CONVERSION = YES;
				CLANG_WARN_INFINITE_RECURSION = YES;
				CLANG_WARN_INT_CONVERSION = YES;
				CLANG_WARN_OBJC_ROOT_CLASS = YES_ERROR;
				CLANG_WARN_SUSPICIOUS_MOVES = YES;
				CLANG_WARN_UNREACHABLE_CODE = YES;
				CLANG_WARN__DUPLICATE_METHOD_MATCH = YES;
				"CODE_SIGN_IDENTITY[sdk=iphoneos*]" = "iPhone Developer";
				COPY_PHASE_STRIP = NO;
				DEBUG_INFORMATION_FORMAT = "dwarf-with-dsym";
				ENABLE_NS_ASSERTIONS = NO;
				ENABLE_STRICT_OBJC_MSGSEND = YES;
				GCC_C_LANGUAGE_STANDARD = gnu99;
				GCC_NO_COMMON_BLOCKS = YES;
				GCC_WARN_64_TO_32_BIT_CONVERSION = YES;
				GCC_WARN_ABOUT_RETURN_TYPE = YES_ERROR;
				GCC_WARN_UNDECLARED_SELECTOR = YES;
				GCC_WARN_UNINITIALIZED_AUTOS = YES_AGGRESSIVE;
				GCC_WARN_UNUSED_FUNCTION = YES;
				GCC_WARN_UNUSED_VARIABLE = YES;
				IPHONEOS_DEPLOYMENT_TARGET = 10.1;
				MTL_ENABLE_DEBUG_INFO = NO;
				SDKROOT = iphoneos;
				VALIDATE_PRODUCT = YES;
			};
			name = Release;
		};
		857C1EE31EB2D95E00DD7A5C /* Debug */ = {
			isa = XCBuildConfiguration;
			buildSettings = {
				ASSETCATALOG_COMPILER_APPICON_NAME = AppIcon;
				INFOPLIST_FILE = "拖拽图片/Info.plist";
				LD_RUNPATH_SEARCH_PATHS = "$(inherited) @executable_path/Frameworks";
				PRODUCT_BUNDLE_IDENTIFIER = "cn.tedu.----";
				PRODUCT_NAME = "$(TARGET_NAME)";
			};
			name = Debug;
		};
		857C1EE41EB2D95E00DD7A5C /* Release */ = {
			isa = XCBuildConfiguration;
			buildSettings = {
				ASSETCATALOG_COMPILER_APPICON_NAME = AppIcon;
				INFOPLIST_FILE = "拖拽图片/Info.plist";
				LD_RUNPATH_SEARCH_PATHS = "$(inherited) @executable_path/Frameworks";
				PRODUCT_BUNDLE_IDENTIFIER = "cn.tedu.----";
				PRODUCT_NAME = "$(TARGET_NAME)";
			};
			name = Release;
		};
/* End XCBuildConfiguration section */

/* Begin XCConfigurationList section */
		857C1EC61EB2D95D00DD7A5C /* Build configuration list for PBXProject "拖拽图片" */ = {
			isa = XCConfigurationList;
			buildConfigurations = (
				857C1EE01EB2D95E00DD7A5C /* Debug */,
				857C1EE11EB2D95E00DD7A5C /* Release */,
			);
			defaultConfigurationIsVisible = 0;
			defaultConfigurationName = Release;
		};
		857C1EE21EB2D95E00DD7A5C /* Build configuration list for PBXNativeTarget "拖拽图片" */ = {
			isa = XCConfigurationList;
			buildConfigurations = (
				857C1EE31EB2D95E00DD7A5C /* Debug */,
				857C1EE41EB2D95E00DD7A5C /* Release */,
			);
			defaultConfigurationIsVisible = 0;
		};
/* End XCConfigurationList section */
	};
	rootObject = 857C1EC31EB2D95D00DD7A5C /* Project object */;
}
